// !$*UTF8*$!
{
	archiveVersion = 1;
	classes = {
	};
	objectVersion = 46;
	objects = {

/* Begin PBXBuildFile section */
		5DBD7F041AA45CF90017ED75 /* main.m in Sources */ = {isa = PBXBuildFile; fileRef = 5DBD7F031AA45CF90017ED75 /* main.m */; };
		5DBD7F071AA45CF90017ED75 /* AppDelegate.m in Sources */ = {isa = PBXBuildFile; fileRef = 5DBD7F061AA45CF90017ED75 /* AppDelegate.m */; };
		5DBD7F0A1AA45CF90017ED75 /* ViewController.m in Sources */ = {isa = PBXBuildFile; fileRef = 5DBD7F091AA45CF90017ED75 /* ViewController.m */; };
		5DBD7F0D1AA45CF90017ED75 /* Main.storyboard in Resources */ = {isa = PBXBuildFile; fileRef = 5DBD7F0B1AA45CF90017ED75 /* Main.storyboard */; };
		5DBD7F0F1AA45CF90017ED75 /* Images.xcassets in Resources */ = {isa = PBXBuildFile; fileRef = 5DBD7F0E1AA45CF90017ED75 /* Images.xcassets */; };
		5DBD7F121AA45CF90017ED75 /* LaunchScreen.xib in Resources */ = {isa = PBXBuildFile; fileRef = 5DBD7F101AA45CF90017ED75 /* LaunchScreen.xib */; };
		5DBD7F1E1AA45CF90017ED75 /* HCSParallaxCarouselTests.m in Sources */ = {isa = PBXBuildFile; fileRef = 5DBD7F1D1AA45CF90017ED75 /* HCSParallaxCarouselTests.m */; };
		5DBD7F2A1AA45E020017ED75 /* HCSParallaxCarousel.m in Sources */ = {isa = PBXBuildFile; fileRef = 5DBD7F291AA45E020017ED75 /* HCSParallaxCarousel.m */; };
		5DBD7F2F1AA4615E0017ED75 /* HCSImageScrollerCell.m in Sources */ = {isa = PBXBuildFile; fileRef = 5DBD7F2C1AA4615E0017ED75 /* HCSImageScrollerCell.m */; };
		5DBD7F301AA4615E0017ED75 /* UIImageView+HCSAdditions.m in Sources */ = {isa = PBXBuildFile; fileRef = 5DBD7F2E1AA4615E0017ED75 /* UIImageView+HCSAdditions.m */; };
		855CA1FE87B55B803E329A7A /* libPods.a in Frameworks */ = {isa = PBXBuildFile; fileRef = FF6CB1A26CA59B0C9D2EF8CA /* libPods.a */; };
/* End PBXBuildFile section */

/* Begin PBXContainerItemProxy section */
		5DBD7F181AA45CF90017ED75 /* PBXContainerItemProxy */ = {
			isa = PBXContainerItemProxy;
			containerPortal = 5DBD7EF61AA45CF90017ED75 /* Project object */;
			proxyType = 1;
			remoteGlobalIDString = 5DBD7EFD1AA45CF90017ED75;
			remoteInfo = HCSParallaxCarousel;
		};
/* End PBXContainerItemProxy section */

/* Begin PBXFileReference section */
		1FAD92244CC36B8C4ED891A0 /* Pods.debug.xcconfig */ = {isa = PBXFileReference; includeInIndex = 1; lastKnownFileType = text.xcconfig; name = Pods.debug.xcconfig; path = "Pods/Target Support Files/Pods/Pods.debug.xcconfig"; sourceTree = "<group>"; };
		5DBD7EFE1AA45CF90017ED75 /* HCSParallaxCarousel.app */ = {isa = PBXFileReference; explicitFileType = wrapper.application; includeInIndex = 0; path = HCSParallaxCarousel.app; sourceTree = BUILT_PRODUCTS_DIR; };
		5DBD7F021AA45CF90017ED75 /* Info.plist */ = {isa = PBXFileReference; lastKnownFileType = text.plist.xml; path = Info.plist; sourceTree = "<group>"; };
		5DBD7F031AA45CF90017ED75 /* main.m */ = {isa = PBXFileReference; lastKnownFileType = sourcecode.c.objc; path = main.m; sourceTree = "<group>"; };
		5DBD7F051AA45CF90017ED75 /* AppDelegate.h */ = {isa = PBXFileReference; lastKnownFileType = sourcecode.c.h; path = AppDelegate.h; sourceTree = "<group>"; };
		5DBD7F061AA45CF90017ED75 /* AppDelegate.m */ = {isa = PBXFileReference; lastKnownFileType = sourcecode.c.objc; path = AppDelegate.m; sourceTree = "<group>"; };
		5DBD7F081AA45CF90017ED75 /* ViewController.h */ = {isa = PBXFileReference; lastKnownFileType = sourcecode.c.h; path = ViewController.h; sourceTree = "<group>"; };
		5DBD7F091AA45CF90017ED75 /* ViewController.m */ = {isa = PBXFileReference; lastKnownFileType = sourcecode.c.objc; path = ViewController.m; sourceTree = "<group>"; };
		5DBD7F0C1AA45CF90017ED75 /* Base */ = {isa = PBXFileReference; lastKnownFileType = file.storyboard; name = Base; path = Base.lproj/Main.storyboard; sourceTree = "<group>"; };
		5DBD7F0E1AA45CF90017ED75 /* Images.xcassets */ = {isa = PBXFileReference; lastKnownFileType = folder.assetcatalog; path = Images.xcassets; sourceTree = "<group>"; };
		5DBD7F111AA45CF90017ED75 /* Base */ = {isa = PBXFileReference; lastKnownFileType = file.xib; name = Base; path = Base.lproj/LaunchScreen.xib; sourceTree = "<group>"; };
		5DBD7F171AA45CF90017ED75 /* HCSParallaxCarouselTests.xctest */ = {isa = PBXFileReference; explicitFileType = wrapper.cfbundle; includeInIndex = 0; path = HCSParallaxCarouselTests.xctest; sourceTree = BUILT_PRODUCTS_DIR; };
		5DBD7F1C1AA45CF90017ED75 /* Info.plist */ = {isa = PBXFileReference; lastKnownFileType = text.plist.xml; path = Info.plist; sourceTree = "<group>"; };
		5DBD7F1D1AA45CF90017ED75 /* HCSParallaxCarouselTests.m */ = {isa = PBXFileReference; lastKnownFileType = sourcecode.c.objc; path = HCSParallaxCarouselTests.m; sourceTree = "<group>"; };
		5DBD7F281AA45E020017ED75 /* HCSParallaxCarousel.h */ = {isa = PBXFileReference; fileEncoding = 4; lastKnownFileType = sourcecode.c.h; path = HCSParallaxCarousel.h; sourceTree = "<group>"; };
		5DBD7F291AA45E020017ED75 /* HCSParallaxCarousel.m */ = {isa = PBXFileReference; fileEncoding = 4; lastKnownFileType = sourcecode.c.objc; path = HCSParallaxCarousel.m; sourceTree = "<group>"; };
		5DBD7F2B1AA4615E0017ED75 /* HCSImageScrollerCell.h */ = {isa = PBXFileReference; fileEncoding = 4; lastKnownFileType = sourcecode.c.h; path = HCSImageScrollerCell.h; sourceTree = "<group>"; };
		5DBD7F2C1AA4615E0017ED75 /* HCSImageScrollerCell.m */ = {isa = PBXFileReference; fileEncoding = 4; lastKnownFileType = sourcecode.c.objc; path = HCSImageScrollerCell.m; sourceTree = "<group>"; };
		5DBD7F2D1AA4615E0017ED75 /* UIImageView+HCSAdditions.h */ = {isa = PBXFileReference; fileEncoding = 4; lastKnownFileType = sourcecode.c.h; path = "UIImageView+HCSAdditions.h"; sourceTree = "<group>"; };
		5DBD7F2E1AA4615E0017ED75 /* UIImageView+HCSAdditions.m */ = {isa = PBXFileReference; fileEncoding = 4; lastKnownFileType = sourcecode.c.objc; path = "UIImageView+HCSAdditions.m"; sourceTree = "<group>"; };
		6C0B11509E78355E08A0CDC0 /* Pods.release.xcconfig */ = {isa = PBXFileReference; includeInIndex = 1; lastKnownFileType = text.xcconfig; name = Pods.release.xcconfig; path = "Pods/Target Support Files/Pods/Pods.release.xcconfig"; sourceTree = "<group>"; };
		FF6CB1A26CA59B0C9D2EF8CA /* libPods.a */ = {isa = PBXFileReference; explicitFileType = archive.ar; includeInIndex = 0; path = libPods.a; sourceTree = BUILT_PRODUCTS_DIR; };
/* End PBXFileReference section */

/* Begin PBXFrameworksBuildPhase section */
		5DBD7EFB1AA45CF90017ED75 /* Frameworks */ = {
			isa = PBXFrameworksBuildPhase;
			buildActionMask = 2147483647;
			files = (
				855CA1FE87B55B803E329A7A /* libPods.a in Frameworks */,
			);
			runOnlyForDeploymentPostprocessing = 0;
		};
		5DBD7F141AA45CF90017ED75 /* Frameworks */ = {
			isa = PBXFrameworksBuildPhase;
			buildActionMask = 2147483647;
			files = (
			);
			runOnlyForDeploymentPostprocessing = 0;
		};
/* End PBXFrameworksBuildPhase section */

/* Begin PBXGroup section */
		17A8C9AC54A4E16E25FEC62A /* Frameworks */ = {
			isa = PBXGroup;
			children = (
				FF6CB1A26CA59B0C9D2EF8CA /* libPods.a */,
			);
			name = Frameworks;
			sourceTree = "<group>";
		};
		5D2759351B497E94240D5779 /* Pods */ = {
			isa = PBXGroup;
			children = (
				1FAD92244CC36B8C4ED891A0 /* Pods.debug.xcconfig */,
				6C0B11509E78355E08A0CDC0 /* Pods.release.xcconfig */,
			);
			name = Pods;
			sourceTree = "<group>";
		};
		5DBD7EF51AA45CF90017ED75 = {
			isa = PBXGroup;
			children = (
				5DBD7F001AA45CF90017ED75 /* HCSParallaxCarousel */,
				5DBD7F271AA45D3C0017ED75 /* Demo */,
				5DBD7F011AA45CF90017ED75 /* Supporting Files */,
				5DBD7F1A1AA45CF90017ED75 /* HCSParallaxCarouselTests */,
				5DBD7EFF1AA45CF90017ED75 /* Products */,
				5D2759351B497E94240D5779 /* Pods */,
				17A8C9AC54A4E16E25FEC62A /* Frameworks */,
			);
			sourceTree = "<group>";
		};
		5DBD7EFF1AA45CF90017ED75 /* Products */ = {
			isa = PBXGroup;
			children = (
				5DBD7EFE1AA45CF90017ED75 /* HCSParallaxCarousel.app */,
				5DBD7F171AA45CF90017ED75 /* HCSParallaxCarouselTests.xctest */,
			);
			name = Products;
			sourceTree = "<group>";
		};
		5DBD7F001AA45CF90017ED75 /* HCSParallaxCarousel */ = {
			isa = PBXGroup;
			children = (
				5DBD7F2B1AA4615E0017ED75 /* HCSImageScrollerCell.h */,
				5DBD7F2C1AA4615E0017ED75 /* HCSImageScrollerCell.m */,
				5DBD7F2D1AA4615E0017ED75 /* UIImageView+HCSAdditions.h */,
				5DBD7F2E1AA4615E0017ED75 /* UIImageView+HCSAdditions.m */,
				5DBD7F281AA45E020017ED75 /* HCSParallaxCarousel.h */,
				5DBD7F291AA45E020017ED75 /* HCSParallaxCarousel.m */,
			);
			path = HCSParallaxCarousel;
			sourceTree = "<group>";
		};
		5DBD7F011AA45CF90017ED75 /* Supporting Files */ = {
			isa = PBXGroup;
			children = (
				5DBD7F021AA45CF90017ED75 /* Info.plist */,
				5DBD7F031AA45CF90017ED75 /* main.m */,
			);
			name = "Supporting Files";
			path = HCSParallaxCarousel;
			sourceTree = "<group>";
		};
		5DBD7F1A1AA45CF90017ED75 /* HCSParallaxCarouselTests */ = {
			isa = PBXGroup;
			children = (
				5DBD7F1D1AA45CF90017ED75 /* HCSParallaxCarouselTests.m */,
				5DBD7F1B1AA45CF90017ED75 /* Supporting Files */,
			);
			path = HCSParallaxCarouselTests;
			sourceTree = "<group>";
		};
		5DBD7F1B1AA45CF90017ED75 /* Supporting Files */ = {
			isa = PBXGroup;
			children = (
				5DBD7F1C1AA45CF90017ED75 /* Info.plist */,
			);
			name = "Supporting Files";
			sourceTree = "<group>";
		};
		5DBD7F271AA45D3C0017ED75 /* Demo */ = {
			isa = PBXGroup;
			children = (
				5DBD7F051AA45CF90017ED75 /* AppDelegate.h */,
				5DBD7F061AA45CF90017ED75 /* AppDelegate.m */,
				5DBD7F081AA45CF90017ED75 /* ViewController.h */,
				5DBD7F091AA45CF90017ED75 /* ViewController.m */,
				5DBD7F0B1AA45CF90017ED75 /* Main.storyboard */,
				5DBD7F0E1AA45CF90017ED75 /* Images.xcassets */,
				5DBD7F101AA45CF90017ED75 /* LaunchScreen.xib */,
			);
			name = Demo;
			path = HCSParallaxCarousel;
			sourceTree = "<group>";
		};
/* End PBXGroup section */

/* Begin PBXNativeTarget section */
		5DBD7EFD1AA45CF90017ED75 /* HCSParallaxCarousel */ = {
			isa = PBXNativeTarget;
			buildConfigurationList = 5DBD7F211AA45CF90017ED75 /* Build configuration list for PBXNativeTarget "HCSParallaxCarousel" */;
			buildPhases = (
				303B9AB31DF10C55074DE6A4 /* Check Pods Manifest.lock */,
				5DBD7EFA1AA45CF90017ED75 /* Sources */,
				5DBD7EFB1AA45CF90017ED75 /* Frameworks */,
				5DBD7EFC1AA45CF90017ED75 /* Resources */,
				A2C2830397B29E652F8F3BDC /* Copy Pods Resources */,
			);
			buildRules = (
			);
			dependencies = (
			);
			name = HCSParallaxCarousel;
			productName = HCSParallaxCarousel;
			productReference = 5DBD7EFE1AA45CF90017ED75 /* HCSParallaxCarousel.app */;
			productType = "com.apple.product-type.application";
		};
		5DBD7F161AA45CF90017ED75 /* HCSParallaxCarouselTests */ = {
			isa = PBXNativeTarget;
			buildConfigurationList = 5DBD7F241AA45CF90017ED75 /* Build configuration list for PBXNativeTarget "HCSParallaxCarouselTests" */;
			buildPhases = (
				5DBD7F131AA45CF90017ED75 /* Sources */,
				5DBD7F141AA45CF90017ED75 /* Frameworks */,
				5DBD7F151AA45CF90017ED75 /* Resources */,
			);
			buildRules = (
			);
			dependencies = (
				5DBD7F191AA45CF90017ED75 /* PBXTargetDependency */,
			);
			name = HCSParallaxCarouselTests;
			productName = HCSParallaxCarouselTests;
			productReference = 5DBD7F171AA45CF90017ED75 /* HCSParallaxCarouselTests.xctest */;
			productType = "com.apple.product-type.bundle.unit-test";
		};
/* End PBXNativeTarget section */

/* Begin PBXProject section */
		5DBD7EF61AA45CF90017ED75 /* Project object */ = {
			isa = PBXProject;
			attributes = {
				CLASSPREFIX = HCS;
				LastUpgradeCheck = 0610;
				ORGANIZATIONNAME = "Hot Cocoa Software";
				TargetAttributes = {
					5DBD7EFD1AA45CF90017ED75 = {
						CreatedOnToolsVersion = 6.1.1;
					};
					5DBD7F161AA45CF90017ED75 = {
						CreatedOnToolsVersion = 6.1.1;
						TestTargetID = 5DBD7EFD1AA45CF90017ED75;
					};
				};
			};
			buildConfigurationList = 5DBD7EF91AA45CF90017ED75 /* Build configuration list for PBXProject "HCSParallaxCarousel" */;
			compatibilityVersion = "Xcode 3.2";
			developmentRegion = English;
			hasScannedForEncodings = 0;
			knownRegions = (
				en,
				Base,
			);
			mainGroup = 5DBD7EF51AA45CF90017ED75;
			productRefGroup = 5DBD7EFF1AA45CF90017ED75 /* Products */;
			projectDirPath = "";
			projectRoot = "";
			targets = (
				5DBD7EFD1AA45CF90017ED75 /* HCSParallaxCarousel */,
				5DBD7F161AA45CF90017ED75 /* HCSParallaxCarouselTests */,
			);
		};
/* End PBXProject section */

/* Begin PBXResourcesBuildPhase section */
		5DBD7EFC1AA45CF90017ED75 /* Resources */ = {
			isa = PBXResourcesBuildPhase;
			buildActionMask = 2147483647;
			files = (
				5DBD7F0D1AA45CF90017ED75 /* Main.storyboard in Resources */,
				5DBD7F121AA45CF90017ED75 /* LaunchScreen.xib in Resources */,
				5DBD7F0F1AA45CF90017ED75 /* Images.xcassets in Resources */,
			);
			runOnlyForDeploymentPostprocessing = 0;
		};
		5DBD7F151AA45CF90017ED75 /* Resources */ = {
			isa = PBXResourcesBuildPhase;
			buildActionMask = 2147483647;
			files = (
			);
			runOnlyForDeploymentPostprocessing = 0;
		};
/* End PBXResourcesBuildPhase section */

/* Begin PBXShellScriptBuildPhase section */
		303B9AB31DF10C55074DE6A4 /* Check Pods Manifest.lock */ = {
			isa = PBXShellScriptBuildPhase;
			buildActionMask = 2147483647;
			files = (
			);
			inputPaths = (
			);
			name = "Check Pods Manifest.lock";
			outputPaths = (
			);
			runOnlyForDeploymentPostprocessing = 0;
			shellPath = /bin/sh;
			shellScript = "diff \"${PODS_ROOT}/../Podfile.lock\" \"${PODS_ROOT}/Manifest.lock\" > /dev/null\nif [[ $? != 0 ]] ; then\n    cat << EOM\nerror: The sandbox is not in sync with the Podfile.lock. Run 'pod install' or update your CocoaPods installation.\nEOM\n    exit 1\nfi\n";
			showEnvVarsInLog = 0;
		};
		A2C2830397B29E652F8F3BDC /* Copy Pods Resources */ = {
			isa = PBXShellScriptBuildPhase;
			buildActionMask = 2147483647;
			files = (
			);
			inputPaths = (
			);
			name = "Copy Pods Resources";
			outputPaths = (
			);
			runOnlyForDeploymentPostprocessing = 0;
			shellPath = /bin/sh;
			shellScript = "\"${SRCROOT}/Pods/Target Support Files/Pods/Pods-resources.sh\"\n";
			showEnvVarsInLog = 0;
		};
/* End PBXShellScriptBuildPhase section */

/* Begin PBXSourcesBuildPhase section */
		5DBD7EFA1AA45CF90017ED75 /* Sources */ = {
			isa = PBXSourcesBuildPhase;
			buildActionMask = 2147483647;
			files = (
				5DBD7F2F1AA4615E0017ED75 /* HCSImageScrollerCell.m in Sources */,
				5DBD7F0A1AA45CF90017ED75 /* ViewController.m in Sources */,
				5DBD7F2A1AA45E020017ED75 /* HCSParallaxCarousel.m in Sources */,
				5DBD7F071AA45CF90017ED75 /* AppDelegate.m in Sources */,
				5DBD7F041AA45CF90017ED75 /* main.m in Sources */,
				5DBD7F301AA4615E0017ED75 /* UIImageView+HCSAdditions.m in Sources */,
			);
			runOnlyForDeploymentPostprocessing = 0;
		};
		5DBD7F131AA45CF90017ED75 /* Sources */ = {
			isa = PBXSourcesBuildPhase;
			buildActionMask = 2147483647;
			files = (
				5DBD7F1E1AA45CF90017ED75 /* HCSParallaxCarouselTests.m in Sources */,
			);
			runOnlyForDeploymentPostprocessing = 0;
		};
/* End PBXSourcesBuildPhase section */

/* Begin PBXTargetDependency section */
		5DBD7F191AA45CF90017ED75 /* PBXTargetDependency */ = {
			isa = PBXTargetDependency;
			target = 5DBD7EFD1AA45CF90017ED75 /* HCSParallaxCarousel */;
			targetProxy = 5DBD7F181AA45CF90017ED75 /* PBXContainerItemProxy */;
		};
/* End PBXTargetDependency section */

/* Begin PBXVariantGroup section */
		5DBD7F0B1AA45CF90017ED75 /* Main.storyboard */ = {
			isa = PBXVariantGroup;
			children = (
				5DBD7F0C1AA45CF90017ED75 /* Base */,
			);
			name = Main.storyboard;
			sourceTree = "<group>";
		};
		5DBD7F101AA45CF90017ED75 /* LaunchScreen.xib */ = {
			isa = PBXVariantGroup;
			children = (
				5DBD7F111AA45CF90017ED75 /* Base */,
			);
			name = LaunchScreen.xib;
			sourceTree = "<group>";
		};
/* End PBXVariantGroup section */

/* Begin XCBuildConfiguration section */
		5DBD7F1F1AA45CF90017ED75 /* Debug */ = {
			isa = XCBuildConfiguration;
			buildSettings = {
				ALWAYS_SEARCH_USER_PATHS = NO;
				CLANG_CXX_LANGUAGE_STANDARD = "gnu++0x";
				CLANG_CXX_LIBRARY = "libc++";
				CLANG_ENABLE_MODULES = YES;
				CLANG_ENABLE_OBJC_ARC = YES;
				CLANG_WARN_BOOL_CONVERSION = YES;
				CLANG_WARN_CONSTANT_CONVERSION = YES;
				CLANG_WARN_DIRECT_OBJC_ISA_USAGE = YES_ERROR;
				CLANG_WARN_EMPTY_BODY = YES;
				CLANG_WARN_ENUM_CONVERSION = YES;
				CLANG_WARN_INT_CONVERSION = YES;
				CLANG_WARN_OBJC_ROOT_CLASS = YES_ERROR;
				CLANG_WARN_UNREACHABLE_CODE = YES;
				CLANG_WARN__DUPLICATE_METHOD_MATCH = YES;
				"CODE_SIGN_IDENTITY[sdk=iphoneos*]" = "iPhone Developer";
				COPY_PHASE_STRIP = NO;
				ENABLE_STRICT_OBJC_MSGSEND = YES;
				GCC_C_LANGUAGE_STANDARD = gnu99;
				GCC_DYNAMIC_NO_PIC = NO;
				GCC_OPTIMIZATION_LEVEL = 0;
				GCC_PREPROCESSOR_DEFINITIONS = (
					"DEBUG=1",
					"$(inherited)",
				);
				GCC_SYMBOLS_PRIVATE_EXTERN = NO;
				GCC_WARN_64_TO_32_BIT_CONVERSION = YES;
				GCC_WARN_ABOUT_RETURN_TYPE = YES_ERROR;
				GCC_WARN_UNDECLARED_SELECTOR = YES;
				GCC_WARN_UNINITIALIZED_AUTOS = YES_AGGRESSIVE;
				GCC_WARN_UNUSED_FUNCTION = YES;
				GCC_WARN_UNUSED_VARIABLE = YES;
				IPHONEOS_DEPLOYMENT_TARGET = 8.1;
				MTL_ENABLE_DEBUG_INFO = YES;
				ONLY_ACTIVE_ARCH = YES;
				SDKROOT = iphoneos;
			};
			name = Debug;
		};
		5DBD7F201AA45CF90017ED75 /* Release */ = {
			isa = XCBuildConfiguration;
			buildSettings = {
				ALWAYS_SEARCH_USER_PATHS = NO;
				CLANG_CXX_LANGUAGE_STANDARD = "gnu++0x";
				CLANG_CXX_LIBRARY = "libc++";
				CLANG_ENABLE_MODULES = YES;
				CLANG_ENABLE_OBJC_ARC = YES;
				CLANG_WARN_BOOL_CONVERSION = YES;
				CLANG_WARN_CONSTANT_CONVERSION = YES;
				CLANG_WARN_DIRECT_OBJC_ISA_USAGE = YES_ERROR;
				CLANG_WARN_EMPTY_BODY = YES;
				CLANG_WARN_ENUM_CONVERSION = YES;
				CLANG_WARN_INT_CONVERSION = YES;
				CLANG_WARN_OBJC_ROOT_CLASS = YES_ERROR;
				CLANG_WARN_UNREACHABLE_CODE = YES;
				CLANG_WARN__DUPLICATE_METHOD_MATCH = YES;
				"CODE_SIGN_IDENTITY[sdk=iphoneos*]" = "iPhone Developer";
				COPY_PHASE_STRIP = YES;
				ENABLE_NS_ASSERTIONS = NO;
				ENABLE_STRICT_OBJC_MSGSEND = YES;
				GCC_C_LANGUAGE_STANDARD = gnu99;
				GCC_WARN_64_TO_32_BIT_CONVERSION = YES;
				GCC_WARN_ABOUT_RETURN_TYPE = YES_ERROR;
				GCC_WARN_UNDECLARED_SELECTOR = YES;
				GCC_WARN_UNINITIALIZED_AUTOS = YES_AGGRESSIVE;
				GCC_WARN_UNUSED_FUNCTION = YES;
				GCC_WARN_UNUSED_VARIABLE = YES;
				IPHONEOS_DEPLOYMENT_TARGET = 8.1;
				MTL_ENABLE_DEBUG_INFO = NO;
				SDKROOT = iphoneos;
				VALIDATE_PRODUCT = YES;
			};
			name = Release;
		};
		5DBD7F221AA45CF90017ED75 /* Debug */ = {
			isa = XCBuildConfiguration;
			baseConfigurationReference = 1FAD92244CC36B8C4ED891A0 /* Pods.debug.xcconfig */;
			buildSettings = {
				ASSETCATALOG_COMPILER_APPICON_NAME = AppIcon;
				INFOPLIST_FILE = HCSParallaxCarousel/Info.plist;
				LD_RUNPATH_SEARCH_PATHS = "$(inherited) @executable_path/Frameworks";
				PRODUCT_NAME = "$(TARGET_NAME)";
			};
			name = Debug;
		};
		5DBD7F231AA45CF90017ED75 /* Release */ = {
			isa = XCBuildConfiguration;
			baseConfigurationReference = 6C0B11509E78355E08A0CDC0 /* Pods.release.xcconfig */;
			buildSettings = {
				ASSETCATALOG_COMPILER_APPICON_NAME = AppIcon;
				INFOPLIST_FILE = HCSParallaxCarousel/Info.plist;
				LD_RUNPATH_SEARCH_PATHS = "$(inherited) @executable_path/Frameworks";
				PRODUCT_NAME = "$(TARGET_NAME)";
			};
			name = Release;
		};
		5DBD7F251AA45CF90017ED75 /* Debug */ = {
			isa = XCBuildConfiguration;
			buildSettings = {
				BUNDLE_LOADER = "$(TEST_HOST)";
				FRAMEWORK_SEARCH_PATHS = (
					"$(SDKROOT)/Developer/Library/Frameworks",
					"$(inherited)",
				);
				GCC_PREPROCESSOR_DEFINITIONS = (
					"DEBUG=1",
					"$(inherited)",
				);
				INFOPLIST_FILE = HCSParallaxCarouselTests/Info.plist;
				LD_RUNPATH_SEARCH_PATHS = "$(inherited) @executable_path/Frameworks @loader_path/Frameworks";
				PRODUCT_NAME = "$(TARGET_NAME)";
				TEST_HOST = "$(BUILT_PRODUCTS_DIR)/HCSParallaxCarousel.app/HCSParallaxCarousel";
			};
			name = Debug;
		};
		5DBD7F261AA45CF90017ED75 /* Release */ = {
			isa = XCBuildConfiguration;
			buildSettings = {
				BUNDLE_LOADER = "$(TEST_HOST)";
				FRAMEWORK_SEARCH_PATHS = (
					"$(SDKROOT)/Developer/Library/Frameworks",
					"$(inherited)",
				);
				INFOPLIST_FILE = HCSParallaxCarouselTests/Info.plist;
				LD_RUNPATH_SEARCH_PATHS = "$(inherited) @executable_path/Frameworks @loader_path/Frameworks";
				PRODUCT_NAME = "$(TARGET_NAME)";
				TEST_HOST = "$(BUILT_PRODUCTS_DIR)/HCSParallaxCarousel.app/HCSParallaxCarousel";
			};
			name = Release;
		};
/* End XCBuildConfiguration section */

/* Begin XCConfigurationList section */
		5DBD7EF91AA45CF90017ED75 /* Build configuration list for PBXProject "HCSParallaxCarousel" */ = {
			isa = XCConfigurationList;
			buildConfigurations = (
				5DBD7F1F1AA45CF90017ED75 /* Debug */,
				5DBD7F201AA45CF90017ED75 /* Release */,
			);
			defaultConfigurationIsVisible = 0;
			defaultConfigurationName = Release;
		};
		5DBD7F211AA45CF90017ED75 /* Build configuration list for PBXNativeTarget "HCSParallaxCarousel" */ = {
			isa = XCConfigurationList;
			buildConfigurations = (
				5DBD7F221AA45CF90017ED75 /* Debug */,
				5DBD7F231AA45CF90017ED75 /* Release */,
			);
			defaultConfigurationIsVisible = 0;
			defaultConfigurationName = Release;
		};
		5DBD7F241AA45CF90017ED75 /* Build configuration list for PBXNativeTarget "HCSParallaxCarouselTests" */ = {
			isa = XCConfigurationList;
			buildConfigurations = (
				5DBD7F251AA45CF90017ED75 /* Debug */,
				5DBD7F261AA45CF90017ED75 /* Release */,
			);
			defaultConfigurationIsVisible = 0;
			defaultConfigurationName = Release;
		};
/* End XCConfigurationList section */
	};
	rootObject = 5DBD7EF61AA45CF90017ED75 /* Project object */;
}
